
Microsoft Visual Studio Solution File, Format Version 15.00
# Visual Studio 2012
Project("{FAE04EC0-301F-11D3-BF4B-00C04F79EFBC}") = "Criteo.Profiling.Tracing", "Criteo.Profiling.Tracing\Criteo.Profiling.Tracing.csproj", "{48712463-66FF-4C76-B63D-097B57A1477F}"
EndProject
Project("{FAE04EC0-301F-11D3-BF4B-00C04F79EFBC}") = "Criteo.Profiling.Tracing.UTest", "Criteo.Profiling.Tracing.UTest\Criteo.Profiling.Tracing.UTest.csproj", "{61E65D99-367D-4C87-8EDB-4A5CC9ECAF89}"
EndProject
Global
	GlobalSection(SolutionConfigurationPlatforms) = preSolution
		Debug|x86 = Debug|x86
		Release|x86 = Release|x86
	EndGlobalSection
	GlobalSection(ProjectConfigurationPlatforms) = postSolution
		{48712463-66FF-4C76-B63D-097B57A1477F}.Debug|x86.ActiveCfg = Debug|Any CPU
		{48712463-66FF-4C76-B63D-097B57A1477F}.Debug|x86.Build.0 = Debug|Any CPU
		{48712463-66FF-4C76-B63D-097B57A1477F}.Release|x86.ActiveCfg = Release|Any CPU
		{48712463-66FF-4C76-B63D-097B57A1477F}.Release|x86.Build.0 = Release|Any CPU
		{61E65D99-367D-4C87-8EDB-4A5CC9ECAF89}.Debug|x86.ActiveCfg = Debug|Any CPU
		{61E65D99-367D-4C87-8EDB-4A5CC9ECAF89}.Debug|x86.Build.0 = Debug|Any CPU
		{61E65D99-367D-4C87-8EDB-4A5CC9ECAF89}.Release|x86.ActiveCfg = Release|Any CPU
		{61E65D99-367D-4C87-8EDB-4A5CC9ECAF89}.Release|x86.Build.0 = Release|Any CPU
	EndGlobalSection
EndGlobal
