Microsoft Visual Studio Solution File, Format Version 12.00
# Visual Studio 15
VisualStudioVersion = 15.0.26228.9
MinimumVisualStudioVersion = 10.0.40219.1
Project("{9A19103F-16F7-4668-BE54-9A1E7A4F7556}") = "Criteo.Profiling.Tracing", "Criteo.Profiling.Tracing\Criteo.Profiling.Tracing.csproj", "{48712463-66FF-4C76-B63D-097B57A1477F}"
EndProject
Project("{9A19103F-16F7-4668-BE54-9A1E7A4F7556}") = "Criteo.Profiling.Tracing.UTest", "Criteo.Profiling.Tracing.UTest\Criteo.Profiling.Tracing.UTest.csproj", "{61E65D99-367D-4C87-8EDB-4A5CC9ECAF89}"
EndProject
Project("{9A19103F-16F7-4668-BE54-9A1E7A4F7556}") = "Criteo.Profiling.Tracing.Middleware", "..\zipkin4net-aspnetcore\Criteo.Profiling.Tracing.Middleware\Criteo.Profiling.Tracing.Middleware.csproj", "{EDFFC2F3-CABD-4922-8672-2AB05F316883}"
EndProject
Global
	GlobalSection(SolutionConfigurationPlatforms) = preSolution
		Debug|Any CPU = Debug|Any CPU
		Debug|x86 = Debug|x86
		Release|Any CPU = Release|Any CPU
		Release|x86 = Release|x86
	EndGlobalSection
	GlobalSection(ProjectConfigurationPlatforms) = postSolution
		{48712463-66FF-4C76-B63D-097B57A1477F}.Debug|Any CPU.ActiveCfg = Debug|Any CPU
		{48712463-66FF-4C76-B63D-097B57A1477F}.Debug|Any CPU.Build.0 = Debug|Any CPU
		{48712463-66FF-4C76-B63D-097B57A1477F}.Debug|x86.ActiveCfg = Debug|Any CPU
		{48712463-66FF-4C76-B63D-097B57A1477F}.Debug|x86.Build.0 = Debug|Any CPU
		{48712463-66FF-4C76-B63D-097B57A1477F}.Release|Any CPU.ActiveCfg = Release|Any CPU
		{48712463-66FF-4C76-B63D-097B57A1477F}.Release|Any CPU.Build.0 = Release|Any CPU
		{48712463-66FF-4C76-B63D-097B57A1477F}.Release|x86.ActiveCfg = Release|Any CPU
		{48712463-66FF-4C76-B63D-097B57A1477F}.Release|x86.Build.0 = Release|Any CPU
		{61E65D99-367D-4C87-8EDB-4A5CC9ECAF89}.Debug|Any CPU.ActiveCfg = Debug|Any CPU
		{61E65D99-367D-4C87-8EDB-4A5CC9ECAF89}.Debug|Any CPU.Build.0 = Debug|Any CPU
		{61E65D99-367D-4C87-8EDB-4A5CC9ECAF89}.Debug|x86.ActiveCfg = Debug|Any CPU
		{61E65D99-367D-4C87-8EDB-4A5CC9ECAF89}.Debug|x86.Build.0 = Debug|Any CPU
		{61E65D99-367D-4C87-8EDB-4A5CC9ECAF89}.Release|Any CPU.ActiveCfg = Release|Any CPU
		{61E65D99-367D-4C87-8EDB-4A5CC9ECAF89}.Release|Any CPU.Build.0 = Release|Any CPU
		{61E65D99-367D-4C87-8EDB-4A5CC9ECAF89}.Release|x86.ActiveCfg = Release|Any CPU
		{61E65D99-367D-4C87-8EDB-4A5CC9ECAF89}.Release|x86.Build.0 = Release|Any CPU
		{EDFFC2F3-CABD-4922-8672-2AB05F316883}.Debug|Any CPU.ActiveCfg = Debug|Any CPU
		{EDFFC2F3-CABD-4922-8672-2AB05F316883}.Debug|Any CPU.Build.0 = Debug|Any CPU
		{EDFFC2F3-CABD-4922-8672-2AB05F316883}.Debug|x86.ActiveCfg = Debug|Any CPU
		{EDFFC2F3-CABD-4922-8672-2AB05F316883}.Debug|x86.Build.0 = Debug|Any CPU
		{EDFFC2F3-CABD-4922-8672-2AB05F316883}.Release|Any CPU.ActiveCfg = Release|Any CPU
		{EDFFC2F3-CABD-4922-8672-2AB05F316883}.Release|Any CPU.Build.0 = Release|Any CPU
		{EDFFC2F3-CABD-4922-8672-2AB05F316883}.Release|x86.ActiveCfg = Release|Any CPU
		{EDFFC2F3-CABD-4922-8672-2AB05F316883}.Release|x86.Build.0 = Release|Any CPU
	EndGlobalSection
	GlobalSection(SolutionProperties) = preSolution
		HideSolutionNode = FALSE
	EndGlobalSection
EndGlobal
